
Microsoft Visual Studio Solution File, Format Version 12.00
# Visual Studio Version 17
VisualStudioVersion = 17.0.31903.59
MinimumVisualStudioVersion = 10.0.40219.1
Project("{2150E333-8FDC-42A3-9474-1A3956D46DE8}") = "creational", "creational", "{FE0379BE-78B9-4812-BCED-C2C8DFCA5C3E}"
EndProject
Project("{FAE04EC0-301F-11D3-BF4B-00C04F79EFBC}") = "singleton", "creational\singleton\singleton.csproj", "{D2BF7800-C2EA-4C68-BE6B-CAFFF3C32628}"
EndProject
Project("{FAE04EC0-301F-11D3-BF4B-00C04F79EFBC}") = "factory", "creational\factory\factory.csproj", "{CD0A8FC8-E09B-4A7D-95D1-8FBDF22BEBAC}"
EndProject
Project("{FAE04EC0-301F-11D3-BF4B-00C04F79EFBC}") = "abstract-factory", "creational\abstract-factory\abstract-factory.csproj", "{CBF96B60-8D17-421F-BD31-3A61E405CD8C}"
EndProject
Project("{2150E333-8FDC-42A3-9474-1A3956D46DE8}") = "behavioral", "behavioral", "{3B3CA037-12C7-4BDA-A990-8A062B85AE74}"
EndProject
Project("{FAE04EC0-301F-11D3-BF4B-00C04F79EFBC}") = "strategy", "behavioral\strategy\strategy.csproj", "{77062BF4-E5ED-4748-9AF9-081D18CDE6D0}"
EndProject
Project("{FAE04EC0-301F-11D3-BF4B-00C04F79EFBC}") = "observer", "behavioral\observer\observer.csproj", "{C4066646-1ECC-4F08-9BFD-F02777D6BB10}"
EndProject
Global
	GlobalSection(SolutionConfigurationPlatforms) = preSolution
		Debug|Any CPU = Debug|Any CPU
		Release|Any CPU = Release|Any CPU
	EndGlobalSection
	GlobalSection(SolutionProperties) = preSolution
		HideSolutionNode = FALSE
	EndGlobalSection
	GlobalSection(ProjectConfigurationPlatforms) = postSolution
		{D2BF7800-C2EA-4C68-BE6B-CAFFF3C32628}.Debug|Any CPU.ActiveCfg = Debug|Any CPU
		{D2BF7800-C2EA-4C68-BE6B-CAFFF3C32628}.Debug|Any CPU.Build.0 = Debug|Any CPU
		{D2BF7800-C2EA-4C68-BE6B-CAFFF3C32628}.Release|Any CPU.ActiveCfg = Release|Any CPU
		{D2BF7800-C2EA-4C68-BE6B-CAFFF3C32628}.Release|Any CPU.Build.0 = Release|Any CPU
		{CD0A8FC8-E09B-4A7D-95D1-8FBDF22BEBAC}.Debug|Any CPU.ActiveCfg = Debug|Any CPU
		{CD0A8FC8-E09B-4A7D-95D1-8FBDF22BEBAC}.Debug|Any CPU.Build.0 = Debug|Any CPU
		{CD0A8FC8-E09B-4A7D-95D1-8FBDF22BEBAC}.Release|Any CPU.ActiveCfg = Release|Any CPU
		{CD0A8FC8-E09B-4A7D-95D1-8FBDF22BEBAC}.Release|Any CPU.Build.0 = Release|Any CPU
		{CBF96B60-8D17-421F-BD31-3A61E405CD8C}.Debug|Any CPU.ActiveCfg = Debug|Any CPU
		{CBF96B60-8D17-421F-BD31-3A61E405CD8C}.Debug|Any CPU.Build.0 = Debug|Any CPU
		{CBF96B60-8D17-421F-BD31-3A61E405CD8C}.Release|Any CPU.ActiveCfg = Release|Any CPU
		{CBF96B60-8D17-421F-BD31-3A61E405CD8C}.Release|Any CPU.Build.0 = Release|Any CPU
		{77062BF4-E5ED-4748-9AF9-081D18CDE6D0}.Debug|Any CPU.ActiveCfg = Debug|Any CPU
		{77062BF4-E5ED-4748-9AF9-081D18CDE6D0}.Debug|Any CPU.Build.0 = Debug|Any CPU
		{77062BF4-E5ED-4748-9AF9-081D18CDE6D0}.Release|Any CPU.ActiveCfg = Release|Any CPU
		{77062BF4-E5ED-4748-9AF9-081D18CDE6D0}.Release|Any CPU.Build.0 = Release|Any CPU
		{C4066646-1ECC-4F08-9BFD-F02777D6BB10}.Debug|Any CPU.ActiveCfg = Debug|Any CPU
		{C4066646-1ECC-4F08-9BFD-F02777D6BB10}.Debug|Any CPU.Build.0 = Debug|Any CPU
		{C4066646-1ECC-4F08-9BFD-F02777D6BB10}.Release|Any CPU.ActiveCfg = Release|Any CPU
		{C4066646-1ECC-4F08-9BFD-F02777D6BB10}.Release|Any CPU.Build.0 = Release|Any CPU
	EndGlobalSection
	GlobalSection(NestedProjects) = preSolution
		{D2BF7800-C2EA-4C68-BE6B-CAFFF3C32628} = {FE0379BE-78B9-4812-BCED-C2C8DFCA5C3E}
		{CD0A8FC8-E09B-4A7D-95D1-8FBDF22BEBAC} = {FE0379BE-78B9-4812-BCED-C2C8DFCA5C3E}
		{CBF96B60-8D17-421F-BD31-3A61E405CD8C} = {FE0379BE-78B9-4812-BCED-C2C8DFCA5C3E}
		{77062BF4-E5ED-4748-9AF9-081D18CDE6D0} = {3B3CA037-12C7-4BDA-A990-8A062B85AE74}
		{C4066646-1ECC-4F08-9BFD-F02777D6BB10} = {3B3CA037-12C7-4BDA-A990-8A062B85AE74}
	EndGlobalSection
EndGlobal
