
Microsoft Visual Studio Solution File, Format Version 12.00
# Visual Studio Version 17
VisualStudioVersion = 17.0.31903.59
MinimumVisualStudioVersion = 10.0.40219.1
Project("{2150E333-8FDC-42A3-9474-1A3956D46DE8}") = "creational", "creational", "{FE0379BE-78B9-4812-BCED-C2C8DFCA5C3E}"
EndProject
Project("{FAE04EC0-301F-11D3-BF4B-00C04F79EFBC}") = "singleton", "creational\singleton\singleton.csproj", "{D2BF7800-C2EA-4C68-BE6B-CAFFF3C32628}"
EndProject
Project("{FAE04EC0-301F-11D3-BF4B-00C04F79EFBC}") = "factory", "creational\factory\factory.csproj", "{CD0A8FC8-E09B-4A7D-95D1-8FBDF22BEBAC}"
EndProject
Project("{FAE04EC0-301F-11D3-BF4B-00C04F79EFBC}") = "abstract-factory", "creational\abstract-factory\abstract-factory.csproj", "{CBF96B60-8D17-421F-BD31-3A61E405CD8C}"
EndProject
Project("{2150E333-8FDC-42A3-9474-1A3956D46DE8}") = "behavioral", "behavioral", "{3B3CA037-12C7-4BDA-A990-8A062B85AE74}"
EndProject
Project("{FAE04EC0-301F-11D3-BF4B-00C04F79EFBC}") = "strategy", "behavioral\strategy\strategy.csproj", "{77062BF4-E5ED-4748-9AF9-081D18CDE6D0}"
EndProject
Project("{FAE04EC0-301F-11D3-BF4B-00C04F79EFBC}") = "observer", "behavioral\observer\observer.csproj", "{C4066646-1ECC-4F08-9BFD-F02777D6BB10}"
EndProject
Project("{2150E333-8FDC-42A3-9474-1A3956D46DE8}") = "structural", "structural", "{BFB547F8-10EF-46D2-9B0F-62E4177C9703}"
EndProject
Project("{FAE04EC0-301F-11D3-BF4B-00C04F79EFBC}") = "decorator", "structural\decorator\decorator.csproj", "{F9AB5A45-509F-44C1-AF74-A6A09E460AF4}"
EndProject
Project("{FAE04EC0-301F-11D3-BF4B-00C04F79EFBC}") = "command", "behavioral\command\command.csproj", "{76F312C6-F048-4678-8915-77CD224342EE}"
EndProject
Project("{FAE04EC0-301F-11D3-BF4B-00C04F79EFBC}") = "adapter", "structural\adapter\adapter.csproj", "{4FA0FF2F-8B12-4519-B4AD-08140DDB88EF}"
EndProject
Project("{FAE04EC0-301F-11D3-BF4B-00C04F79EFBC}") = "facade", "structural\facade\facade.csproj", "{DC6851B7-DA6F-47F3-96F5-F68641059E63}"
EndProject
Project("{FAE04EC0-301F-11D3-BF4B-00C04F79EFBC}") = "template", "behavioral\template\template.csproj", "{5FD8CC2A-6863-46ED-815A-C7669A2B9002}"
EndProject
Project("{FAE04EC0-301F-11D3-BF4B-00C04F79EFBC}") = "iterator", "behavioral\iterator\iterator.csproj", "{FEE4E83F-E85D-41DD-A13D-C402A57BFDAD}"
EndProject
Global
	GlobalSection(SolutionConfigurationPlatforms) = preSolution
		Debug|Any CPU = Debug|Any CPU
		Release|Any CPU = Release|Any CPU
	EndGlobalSection
	GlobalSection(SolutionProperties) = preSolution
		HideSolutionNode = FALSE
	EndGlobalSection
	GlobalSection(ProjectConfigurationPlatforms) = postSolution
		{D2BF7800-C2EA-4C68-BE6B-CAFFF3C32628}.Debug|Any CPU.ActiveCfg = Debug|Any CPU
		{D2BF7800-C2EA-4C68-BE6B-CAFFF3C32628}.Debug|Any CPU.Build.0 = Debug|Any CPU
		{D2BF7800-C2EA-4C68-BE6B-CAFFF3C32628}.Release|Any CPU.ActiveCfg = Release|Any CPU
		{D2BF7800-C2EA-4C68-BE6B-CAFFF3C32628}.Release|Any CPU.Build.0 = Release|Any CPU
		{CD0A8FC8-E09B-4A7D-95D1-8FBDF22BEBAC}.Debug|Any CPU.ActiveCfg = Debug|Any CPU
		{CD0A8FC8-E09B-4A7D-95D1-8FBDF22BEBAC}.Debug|Any CPU.Build.0 = Debug|Any CPU
		{CD0A8FC8-E09B-4A7D-95D1-8FBDF22BEBAC}.Release|Any CPU.ActiveCfg = Release|Any CPU
		{CD0A8FC8-E09B-4A7D-95D1-8FBDF22BEBAC}.Release|Any CPU.Build.0 = Release|Any CPU
		{CBF96B60-8D17-421F-BD31-3A61E405CD8C}.Debug|Any CPU.ActiveCfg = Debug|Any CPU
		{CBF96B60-8D17-421F-BD31-3A61E405CD8C}.Debug|Any CPU.Build.0 = Debug|Any CPU
		{CBF96B60-8D17-421F-BD31-3A61E405CD8C}.Release|Any CPU.ActiveCfg = Release|Any CPU
		{CBF96B60-8D17-421F-BD31-3A61E405CD8C}.Release|Any CPU.Build.0 = Release|Any CPU
		{77062BF4-E5ED-4748-9AF9-081D18CDE6D0}.Debug|Any CPU.ActiveCfg = Debug|Any CPU
		{77062BF4-E5ED-4748-9AF9-081D18CDE6D0}.Debug|Any CPU.Build.0 = Debug|Any CPU
		{77062BF4-E5ED-4748-9AF9-081D18CDE6D0}.Release|Any CPU.ActiveCfg = Release|Any CPU
		{77062BF4-E5ED-4748-9AF9-081D18CDE6D0}.Release|Any CPU.Build.0 = Release|Any CPU
		{C4066646-1ECC-4F08-9BFD-F02777D6BB10}.Debug|Any CPU.ActiveCfg = Debug|Any CPU
		{C4066646-1ECC-4F08-9BFD-F02777D6BB10}.Debug|Any CPU.Build.0 = Debug|Any CPU
		{C4066646-1ECC-4F08-9BFD-F02777D6BB10}.Release|Any CPU.ActiveCfg = Release|Any CPU
		{C4066646-1ECC-4F08-9BFD-F02777D6BB10}.Release|Any CPU.Build.0 = Release|Any CPU
		{F9AB5A45-509F-44C1-AF74-A6A09E460AF4}.Debug|Any CPU.ActiveCfg = Debug|Any CPU
		{F9AB5A45-509F-44C1-AF74-A6A09E460AF4}.Debug|Any CPU.Build.0 = Debug|Any CPU
		{F9AB5A45-509F-44C1-AF74-A6A09E460AF4}.Release|Any CPU.ActiveCfg = Release|Any CPU
		{F9AB5A45-509F-44C1-AF74-A6A09E460AF4}.Release|Any CPU.Build.0 = Release|Any CPU
		{76F312C6-F048-4678-8915-77CD224342EE}.Debug|Any CPU.ActiveCfg = Debug|Any CPU
		{76F312C6-F048-4678-8915-77CD224342EE}.Debug|Any CPU.Build.0 = Debug|Any CPU
		{76F312C6-F048-4678-8915-77CD224342EE}.Release|Any CPU.ActiveCfg = Release|Any CPU
		{76F312C6-F048-4678-8915-77CD224342EE}.Release|Any CPU.Build.0 = Release|Any CPU
		{4FA0FF2F-8B12-4519-B4AD-08140DDB88EF}.Debug|Any CPU.ActiveCfg = Debug|Any CPU
		{4FA0FF2F-8B12-4519-B4AD-08140DDB88EF}.Debug|Any CPU.Build.0 = Debug|Any CPU
		{4FA0FF2F-8B12-4519-B4AD-08140DDB88EF}.Release|Any CPU.ActiveCfg = Release|Any CPU
		{4FA0FF2F-8B12-4519-B4AD-08140DDB88EF}.Release|Any CPU.Build.0 = Release|Any CPU
		{DC6851B7-DA6F-47F3-96F5-F68641059E63}.Debug|Any CPU.ActiveCfg = Debug|Any CPU
		{DC6851B7-DA6F-47F3-96F5-F68641059E63}.Debug|Any CPU.Build.0 = Debug|Any CPU
		{DC6851B7-DA6F-47F3-96F5-F68641059E63}.Release|Any CPU.ActiveCfg = Release|Any CPU
		{DC6851B7-DA6F-47F3-96F5-F68641059E63}.Release|Any CPU.Build.0 = Release|Any CPU
		{5FD8CC2A-6863-46ED-815A-C7669A2B9002}.Debug|Any CPU.ActiveCfg = Debug|Any CPU
		{5FD8CC2A-6863-46ED-815A-C7669A2B9002}.Debug|Any CPU.Build.0 = Debug|Any CPU
		{5FD8CC2A-6863-46ED-815A-C7669A2B9002}.Release|Any CPU.ActiveCfg = Release|Any CPU
		{5FD8CC2A-6863-46ED-815A-C7669A2B9002}.Release|Any CPU.Build.0 = Release|Any CPU
		{FEE4E83F-E85D-41DD-A13D-C402A57BFDAD}.Debug|Any CPU.ActiveCfg = Debug|Any CPU
		{FEE4E83F-E85D-41DD-A13D-C402A57BFDAD}.Debug|Any CPU.Build.0 = Debug|Any CPU
		{FEE4E83F-E85D-41DD-A13D-C402A57BFDAD}.Release|Any CPU.ActiveCfg = Release|Any CPU
		{FEE4E83F-E85D-41DD-A13D-C402A57BFDAD}.Release|Any CPU.Build.0 = Release|Any CPU
	EndGlobalSection
	GlobalSection(NestedProjects) = preSolution
		{D2BF7800-C2EA-4C68-BE6B-CAFFF3C32628} = {FE0379BE-78B9-4812-BCED-C2C8DFCA5C3E}
		{CD0A8FC8-E09B-4A7D-95D1-8FBDF22BEBAC} = {FE0379BE-78B9-4812-BCED-C2C8DFCA5C3E}
		{CBF96B60-8D17-421F-BD31-3A61E405CD8C} = {FE0379BE-78B9-4812-BCED-C2C8DFCA5C3E}
		{77062BF4-E5ED-4748-9AF9-081D18CDE6D0} = {3B3CA037-12C7-4BDA-A990-8A062B85AE74}
		{C4066646-1ECC-4F08-9BFD-F02777D6BB10} = {3B3CA037-12C7-4BDA-A990-8A062B85AE74}
		{F9AB5A45-509F-44C1-AF74-A6A09E460AF4} = {BFB547F8-10EF-46D2-9B0F-62E4177C9703}
		{76F312C6-F048-4678-8915-77CD224342EE} = {3B3CA037-12C7-4BDA-A990-8A062B85AE74}
		{4FA0FF2F-8B12-4519-B4AD-08140DDB88EF} = {BFB547F8-10EF-46D2-9B0F-62E4177C9703}
		{DC6851B7-DA6F-47F3-96F5-F68641059E63} = {BFB547F8-10EF-46D2-9B0F-62E4177C9703}
		{5FD8CC2A-6863-46ED-815A-C7669A2B9002} = {3B3CA037-12C7-4BDA-A990-8A062B85AE74}
		{FEE4E83F-E85D-41DD-A13D-C402A57BFDAD} = {3B3CA037-12C7-4BDA-A990-8A062B85AE74}
	EndGlobalSection
EndGlobal
